
Microsoft Visual Studio Solution File, Format Version 12.00
# Visual Studio 15
VisualStudioVersion = 15.0.27703.2035
MinimumVisualStudioVersion = 10.0.40219.1
Project("{FAE04EC0-301F-11D3-BF4B-00C04F79EFBC}") = "TEDxUWIMona", "TEDxUWIMona\TEDxUWIMona.csproj", "{AAA41AB4-5494-481F-8D7A-ED4973BCAA6A}"
EndProject
Global
	GlobalSection(SolutionConfigurationPlatforms) = preSolution
		Debug|Any CPU = Debug|Any CPU
		Release|Any CPU = Release|Any CPU
	EndGlobalSection
	GlobalSection(ProjectConfigurationPlatforms) = postSolution
		{AAA41AB4-5494-481F-8D7A-ED4973BCAA6A}.Debug|Any CPU.ActiveCfg = Debug|Any CPU
		{AAA41AB4-5494-481F-8D7A-ED4973BCAA6A}.Debug|Any CPU.Build.0 = Debug|Any CPU
		{AAA41AB4-5494-481F-8D7A-ED4973BCAA6A}.Release|Any CPU.ActiveCfg = Release|Any CPU
		{AAA41AB4-5494-481F-8D7A-ED4973BCAA6A}.Release|Any CPU.Build.0 = Release|Any CPU
	EndGlobalSection
	GlobalSection(SolutionProperties) = preSolution
		HideSolutionNode = FALSE
	EndGlobalSection
	GlobalSection(ExtensibilityGlobals) = postSolution
		SolutionGuid = {400D7CDD-FF57-4846-973A-B31C362A9B90}
	EndGlobalSection
EndGlobal
